# This file is automatically @generated by Wally.
# It is not intended for manual editing.
registry = "test"

[[package]]
name = "ffrostflame/bytenet"
version = "0.4.5"
dependencies = []

[[package]]
name = "isophes/nuclear"
version = "0.0.1"
dependencies = [["bytenet", "ffrostflame/bytenet@0.4.5"]]
